
Microsoft Visual Studio Solution File, Format Version 12.00
# Visual Studio 15
VisualStudioVersion = 15.0.26730.3
MinimumVisualStudioVersion = 10.0.40219.1
Project("{FAE04EC0-301F-11D3-BF4B-00C04F79EFBC}") = "PepulatorV2", "PepulatorV2\PepulatorV2.csproj", "{7A059F4D-2C10-490E-AB17-3889903FE6EB}"
EndProject
Global
	GlobalSection(SolutionConfigurationPlatforms) = preSolution
		Debug|Any CPU = Debug|Any CPU
		Release|Any CPU = Release|Any CPU
	EndGlobalSection
	GlobalSection(ProjectConfigurationPlatforms) = postSolution
		{7A059F4D-2C10-490E-AB17-3889903FE6EB}.Debug|Any CPU.ActiveCfg = Debug|Any CPU
		{7A059F4D-2C10-490E-AB17-3889903FE6EB}.Debug|Any CPU.Build.0 = Debug|Any CPU
		{7A059F4D-2C10-490E-AB17-3889903FE6EB}.Release|Any CPU.ActiveCfg = Release|Any CPU
		{7A059F4D-2C10-490E-AB17-3889903FE6EB}.Release|Any CPU.Build.0 = Release|Any CPU
	EndGlobalSection
	GlobalSection(SolutionProperties) = preSolution
		HideSolutionNode = FALSE
	EndGlobalSection
	GlobalSection(ExtensibilityGlobals) = postSolution
		SolutionGuid = {42BA80DA-E6CD-4546-A4D3-2AF4C70369EF}
	EndGlobalSection
EndGlobal
