
Microsoft Visual Studio Solution File, Format Version 12.00
# Visual Studio 15
VisualStudioVersion = 15.0.26730.3
MinimumVisualStudioVersion = 10.0.40219.1
Project("{FAE04EC0-301F-11D3-BF4B-00C04F79EFBC}") = "TicTacToe", "TicTacToe\TicTacToe.csproj", "{35872A86-36E6-42DC-AEC5-101A9E9775E9}"
EndProject
Global
	GlobalSection(SolutionConfigurationPlatforms) = preSolution
		Debug|Any CPU = Debug|Any CPU
		Release|Any CPU = Release|Any CPU
	EndGlobalSection
	GlobalSection(ProjectConfigurationPlatforms) = postSolution
		{35872A86-36E6-42DC-AEC5-101A9E9775E9}.Debug|Any CPU.ActiveCfg = Debug|Any CPU
		{35872A86-36E6-42DC-AEC5-101A9E9775E9}.Debug|Any CPU.Build.0 = Debug|Any CPU
		{35872A86-36E6-42DC-AEC5-101A9E9775E9}.Release|Any CPU.ActiveCfg = Release|Any CPU
		{35872A86-36E6-42DC-AEC5-101A9E9775E9}.Release|Any CPU.Build.0 = Release|Any CPU
	EndGlobalSection
	GlobalSection(SolutionProperties) = preSolution
		HideSolutionNode = FALSE
	EndGlobalSection
	GlobalSection(ExtensibilityGlobals) = postSolution
		SolutionGuid = {D2F4860A-B94E-4EFB-9CFC-8AD8A216D921}
	EndGlobalSection
EndGlobal
